02.cleandata/WT-C-12.trimmed_1.fq.gz
02.cleandata/WT-C-12.trimmed_2.fq.gz
02.cleandata/fastp_multiqc_report.html
03.rm_host/WT-C-12.rmhost.1.fastq
03.rm_host/WT-C-12.rmhost.2.fastq
04.kraken2/WT-C-12.kraken2
04.kraken2/WT-C-12.k2report
04.kraken2/WT-C-12.bracken
04.kraken2/WT-C-12.breport
04.kraken2/WT-C-12.bracken.taxoname
04.kraken2/all_sample_merge.txt
01.rawdata/WT-C-12_1.fq.gz
01.rawdata/WT-C-12_2.fq.gz
02.cleandata/WT-C-12.json
02.cleandata/WT-C-12.html
02.cleandata/WT-C-12.trimmed_1.fq.gz
02.cleandata/WT-C-12.trimmed_2.fq.gz
03.rm_host/WT-C-12.rmhost.1.fastq
03.rm_host/WT-C-12.rmhost.2.fastq
04.kraken2/WT-C-12.k2report
04.kraken2/WT-C-12.breport
04.kraken2/WT-C-12.bracken.taxoname
